// !$*UTF8*$!
{
	archiveVersion = 1;
	classes = {
	};
	objectVersion = 46;
	objects = {

/* Begin PBXBuildFile section */
		401E09221E2A072500BA54F0 /* GetInfo.swift in Sources */ = {isa = PBXBuildFile; fileRef = 401E09211E2A072500BA54F0 /* GetInfo.swift */; };
		515F122E1E29F412004DC54A /* AppDelegate.swift in Sources */ = {isa = PBXBuildFile; fileRef = 515F122D1E29F412004DC54A /* AppDelegate.swift */; };
		515F12301E29F412004DC54A /* StartScreen.swift in Sources */ = {isa = PBXBuildFile; fileRef = 515F122F1E29F412004DC54A /* StartScreen.swift */; };
		515F12331E29F412004DC54A /* Main.storyboard in Resources */ = {isa = PBXBuildFile; fileRef = 515F12311E29F412004DC54A /* Main.storyboard */; };
		515F12351E29F412004DC54A /* Assets.xcassets in Resources */ = {isa = PBXBuildFile; fileRef = 515F12341E29F412004DC54A /* Assets.xcassets */; };
		515F12381E29F412004DC54A /* LaunchScreen.storyboard in Resources */ = {isa = PBXBuildFile; fileRef = 515F12361E29F412004DC54A /* LaunchScreen.storyboard */; };
/* End PBXBuildFile section */

/* Begin PBXFileReference section */
		401E09211E2A072500BA54F0 /* GetInfo.swift */ = {isa = PBXFileReference; fileEncoding = 4; lastKnownFileType = sourcecode.swift; path = GetInfo.swift; sourceTree = "<group>"; };
		515F122A1E29F411004DC54A /* Inventree.app */ = {isa = PBXFileReference; explicitFileType = wrapper.application; includeInIndex = 0; path = Inventree.app; sourceTree = BUILT_PRODUCTS_DIR; };
		515F122D1E29F412004DC54A /* AppDelegate.swift */ = {isa = PBXFileReference; lastKnownFileType = sourcecode.swift; path = AppDelegate.swift; sourceTree = "<group>"; };
		515F122F1E29F412004DC54A /* StartScreen.swift */ = {isa = PBXFileReference; lastKnownFileType = sourcecode.swift; path = StartScreen.swift; sourceTree = "<group>"; };
		515F12321E29F412004DC54A /* Base */ = {isa = PBXFileReference; lastKnownFileType = file.storyboard; name = Base; path = Base.lproj/Main.storyboard; sourceTree = "<group>"; };
		515F12341E29F412004DC54A /* Assets.xcassets */ = {isa = PBXFileReference; lastKnownFileType = folder.assetcatalog; path = Assets.xcassets; sourceTree = "<group>"; };
		515F12371E29F412004DC54A /* Base */ = {isa = PBXFileReference; lastKnownFileType = file.storyboard; name = Base; path = Base.lproj/LaunchScreen.storyboard; sourceTree = "<group>"; };
		515F12391E29F412004DC54A /* Info.plist */ = {isa = PBXFileReference; lastKnownFileType = text.plist.xml; path = Info.plist; sourceTree = "<group>"; };
/* End PBXFileReference section */

/* Begin PBXFrameworksBuildPhase section */
		515F12271E29F411004DC54A /* Frameworks */ = {
			isa = PBXFrameworksBuildPhase;
			buildActionMask = 2147483647;
			files = (
			);
			runOnlyForDeploymentPostprocessing = 0;
		};
/* End PBXFrameworksBuildPhase section */

/* Begin PBXGroup section */
		515F12211E29F411004DC54A = {
			isa = PBXGroup;
			children = (
				515F122C1E29F411004DC54A /* Inventree */,
				515F122B1E29F411004DC54A /* Products */,
			);
			sourceTree = "<group>";
		};
		515F122B1E29F411004DC54A /* Products */ = {
			isa = PBXGroup;
			children = (
				515F122A1E29F411004DC54A /* Inventree.app */,
			);
			name = Products;
			sourceTree = "<group>";
		};
		515F122C1E29F411004DC54A /* Inventree */ = {
			isa = PBXGroup;
			children = (
				515F122D1E29F412004DC54A /* AppDelegate.swift */,
				515F12361E29F412004DC54A /* LaunchScreen.storyboard */,
				515F12391E29F412004DC54A /* Info.plist */,
				515F12311E29F412004DC54A /* Main.storyboard */,
				515F122F1E29F412004DC54A /* StartScreen.swift */,
				401E09211E2A072500BA54F0 /* GetInfo.swift */,
				515F12341E29F412004DC54A /* Assets.xcassets */,
			);
			path = Inventree;
			sourceTree = "<group>";
		};
/* End PBXGroup section */

/* Begin PBXNativeTarget section */
		515F12291E29F411004DC54A /* Inventree */ = {
			isa = PBXNativeTarget;
			buildConfigurationList = 515F123C1E29F412004DC54A /* Build configuration list for PBXNativeTarget "Inventree" */;
			buildPhases = (
				515F12261E29F411004DC54A /* Sources */,
				515F12271E29F411004DC54A /* Frameworks */,
				515F12281E29F411004DC54A /* Resources */,
			);
			buildRules = (
			);
			dependencies = (
			);
			name = Inventree;
			productName = Inventree;
			productReference = 515F122A1E29F411004DC54A /* Inventree.app */;
			productType = "com.apple.product-type.application";
		};
/* End PBXNativeTarget section */

/* Begin PBXProject section */
		515F12221E29F411004DC54A /* Project object */ = {
			isa = PBXProject;
			attributes = {
				LastSwiftUpdateCheck = 0820;
				LastUpgradeCheck = 0820;
				ORGANIZATIONNAME = Inventree;
				TargetAttributes = {
					515F12291E29F411004DC54A = {
						CreatedOnToolsVersion = 8.2.1;
						DevelopmentTeam = 9V3N2WKYT3;
						ProvisioningStyle = Automatic;
					};
				};
			};
			buildConfigurationList = 515F12251E29F411004DC54A /* Build configuration list for PBXProject "Inventree" */;
			compatibilityVersion = "Xcode 3.2";
			developmentRegion = English;
			hasScannedForEncodings = 0;
			knownRegions = (
				en,
				Base,
			);
			mainGroup = 515F12211E29F411004DC54A;
			productRefGroup = 515F122B1E29F411004DC54A /* Products */;
			projectDirPath = "";
			projectRoot = "";
			targets = (
				515F12291E29F411004DC54A /* Inventree */,
			);
		};
/* End PBXProject section */

/* Begin PBXResourcesBuildPhase section */
		515F12281E29F411004DC54A /* Resources */ = {
			isa = PBXResourcesBuildPhase;
			buildActionMask = 2147483647;
			files = (
				515F12381E29F412004DC54A /* LaunchScreen.storyboard in Resources */,
				515F12351E29F412004DC54A /* Assets.xcassets in Resources */,
				515F12331E29F412004DC54A /* Main.storyboard in Resources */,
			);
			runOnlyForDeploymentPostprocessing = 0;
		};
/* End PBXResourcesBuildPhase section */

/* Begin PBXSourcesBuildPhase section */
		515F12261E29F411004DC54A /* Sources */ = {
			isa = PBXSourcesBuildPhase;
			buildActionMask = 2147483647;
			files = (
				401E09221E2A072500BA54F0 /* GetInfo.swift in Sources */,
				515F12301E29F412004DC54A /* StartScreen.swift in Sources */,
				515F122E1E29F412004DC54A /* AppDelegate.swift in Sources */,
			);
			runOnlyForDeploymentPostprocessing = 0;
		};
/* End PBXSourcesBuildPhase section */

/* Begin PBXVariantGroup section */
		515F12311E29F412004DC54A /* Main.storyboard */ = {
			isa = PBXVariantGroup;
			children = (
				515F12321E29F412004DC54A /* Base */,
			);
			name = Main.storyboard;
			sourceTree = "<group>";
		};
		515F12361E29F412004DC54A /* LaunchScreen.storyboard */ = {
			isa = PBXVariantGroup;
			children = (
				515F12371E29F412004DC54A /* Base */,
			);
			name = LaunchScreen.storyboard;
			sourceTree = "<group>";
		};
/* End PBXVariantGroup section */

/* Begin XCBuildConfiguration section */
		515F123A1E29F412004DC54A /* Debug */ = {
			isa = XCBuildConfiguration;
			buildSettings = {
				ALWAYS_SEARCH_USER_PATHS = NO;
				CLANG_ANALYZER_NONNULL = YES;
				CLANG_CXX_LANGUAGE_STANDARD = "gnu++0x";
				CLANG_CXX_LIBRARY = "libc++";
				CLANG_ENABLE_MODULES = YES;
				CLANG_ENABLE_OBJC_ARC = YES;
				CLANG_WARN_BOOL_CONVERSION = YES;
				CLANG_WARN_CONSTANT_CONVERSION = YES;
				CLANG_WARN_DIRECT_OBJC_ISA_USAGE = YES_ERROR;
				CLANG_WARN_DOCUMENTATION_COMMENTS = YES;
				CLANG_WARN_EMPTY_BODY = YES;
				CLANG_WARN_ENUM_CONVERSION = YES;
				CLANG_WARN_INFINITE_RECURSION = YES;
				CLANG_WARN_INT_CONVERSION = YES;
				CLANG_WARN_OBJC_ROOT_CLASS = YES_ERROR;
				CLANG_WARN_SUSPICIOUS_MOVE = YES;
				CLANG_WARN_UNREACHABLE_CODE = YES;
				CLANG_WARN__DUPLICATE_METHOD_MATCH = YES;
				"CODE_SIGN_IDENTITY[sdk=iphoneos*]" = "iPhone Developer";
				COPY_PHASE_STRIP = NO;
				DEBUG_INFORMATION_FORMAT = dwarf;
				ENABLE_STRICT_OBJC_MSGSEND = YES;
				ENABLE_TESTABILITY = YES;
				GCC_C_LANGUAGE_STANDARD = gnu99;
				GCC_DYNAMIC_NO_PIC = NO;
				GCC_NO_COMMON_BLOCKS = YES;
				GCC_OPTIMIZATION_LEVEL = 0;
				GCC_PREPROCESSOR_DEFINITIONS = (
					"DEBUG=1",
					"$(inherited)",
				);
				GCC_WARN_64_TO_32_BIT_CONVERSION = YES;
				GCC_WARN_ABOUT_RETURN_TYPE = YES_ERROR;
				GCC_WARN_UNDECLARED_SELECTOR = YES;
				GCC_WARN_UNINITIALIZED_AUTOS = YES_AGGRESSIVE;
				GCC_WARN_UNUSED_FUNCTION = YES;
				GCC_WARN_UNUSED_VARIABLE = YES;
				IPHONEOS_DEPLOYMENT_TARGET = 10.2;
				MTL_ENABLE_DEBUG_INFO = YES;
				ONLY_ACTIVE_ARCH = YES;
				SDKROOT = iphoneos;
				SWIFT_ACTIVE_COMPILATION_CONDITIONS = DEBUG;
				SWIFT_OPTIMIZATION_LEVEL = "-Onone";
				TARGETED_DEVICE_FAMILY = "1,2";
			};
			name = Debug;
		};
		515F123B1E29F412004DC54A /* Release */ = {
			isa = XCBuildConfiguration;
			buildSettings = {
				ALWAYS_SEARCH_USER_PATHS = NO;
				CLANG_ANALYZER_NONNULL = YES;
				CLANG_CXX_LANGUAGE_STANDARD = "gnu++0x";
				CLANG_CXX_LIBRARY = "libc++";
				CLANG_ENABLE_MODULES = YES;
				CLANG_ENABLE_OBJC_ARC = YES;
				CLANG_WARN_BOOL_CONVERSION = YES;
				CLANG_WARN_CONSTANT_CONVERSION = YES;
				CLANG_WARN_DIRECT_OBJC_ISA_USAGE = YES_ERROR;
				CLANG_WARN_DOCUMENTATION_COMMENTS = YES;
				CLANG_WARN_EMPTY_BODY = YES;
				CLANG_WARN_ENUM_CONVERSION = YES;
				CLANG_WARN_INFINITE_RECURSION = YES;
				CLANG_WARN_INT_CONVERSION = YES;
				CLANG_WARN_OBJC_ROOT_CLASS = YES_ERROR;
				CLANG_WARN_SUSPICIOUS_MOVE = YES;
				CLANG_WARN_UNREACHABLE_CODE = YES;
				CLANG_WARN__DUPLICATE_METHOD_MATCH = YES;
				"CODE_SIGN_IDENTITY[sdk=iphoneos*]" = "iPhone Developer";
				COPY_PHASE_STRIP = NO;
				DEBUG_INFORMATION_FORMAT = "dwarf-with-dsym";
				ENABLE_NS_ASSERTIONS = NO;
				ENABLE_STRICT_OBJC_MSGSEND = YES;
				GCC_C_LANGUAGE_STANDARD = gnu99;
				GCC_NO_COMMON_BLOCKS = YES;
				GCC_WARN_64_TO_32_BIT_CONVERSION = YES;
				GCC_WARN_ABOUT_RETURN_TYPE = YES_ERROR;
				GCC_WARN_UNDECLARED_SELECTOR = YES;
				GCC_WARN_UNINITIALIZED_AUTOS = YES_AGGRESSIVE;
				GCC_WARN_UNUSED_FUNCTION = YES;
				GCC_WARN_UNUSED_VARIABLE = YES;
				IPHONEOS_DEPLOYMENT_TARGET = 10.2;
				MTL_ENABLE_DEBUG_INFO = NO;
				SDKROOT = iphoneos;
				SWIFT_OPTIMIZATION_LEVEL = "-Owholemodule";
				TARGETED_DEVICE_FAMILY = "1,2";
				VALIDATE_PRODUCT = YES;
			};
			name = Release;
		};
		515F123D1E29F412004DC54A /* Debug */ = {
			isa = XCBuildConfiguration;
			buildSettings = {
				ASSETCATALOG_COMPILER_APPICON_NAME = AppIcon;
				DEVELOPMENT_TEAM = 9V3N2WKYT3;
				INFOPLIST_FILE = Inventree/Info.plist;
				LD_RUNPATH_SEARCH_PATHS = "$(inherited) @executable_path/Frameworks";
				PRODUCT_BUNDLE_IDENTIFIER = HackUCI.Inventree;
				PRODUCT_NAME = "$(TARGET_NAME)";
				SWIFT_VERSION = 3.0;
			};
			name = Debug;
		};
		515F123E1E29F412004DC54A /* Release */ = {
			isa = XCBuildConfiguration;
			buildSettings = {
				ASSETCATALOG_COMPILER_APPICON_NAME = AppIcon;
				DEVELOPMENT_TEAM = 9V3N2WKYT3;
				INFOPLIST_FILE = Inventree/Info.plist;
				LD_RUNPATH_SEARCH_PATHS = "$(inherited) @executable_path/Frameworks";
				PRODUCT_BUNDLE_IDENTIFIER = HackUCI.Inventree;
				PRODUCT_NAME = "$(TARGET_NAME)";
				SWIFT_VERSION = 3.0;
			};
			name = Release;
		};
/* End XCBuildConfiguration section */

/* Begin XCConfigurationList section */
		515F12251E29F411004DC54A /* Build configuration list for PBXProject "Inventree" */ = {
			isa = XCConfigurationList;
			buildConfigurations = (
				515F123A1E29F412004DC54A /* Debug */,
				515F123B1E29F412004DC54A /* Release */,
			);
			defaultConfigurationIsVisible = 0;
			defaultConfigurationName = Release;
		};
		515F123C1E29F412004DC54A /* Build configuration list for PBXNativeTarget "Inventree" */ = {
			isa = XCConfigurationList;
			buildConfigurations = (
				515F123D1E29F412004DC54A /* Debug */,
				515F123E1E29F412004DC54A /* Release */,
			);
			defaultConfigurationIsVisible = 0;
			defaultConfigurationName = Release;
		};
/* End XCConfigurationList section */
	};
	rootObject = 515F12221E29F411004DC54A /* Project object */;
}
